
Microsoft Visual Studio Solution File, Format Version 12.00
# Visual Studio Version 17
VisualStudioVersion = 17.6.33723.286
MinimumVisualStudioVersion = 10.0.40219.1
Project("{FAE04EC0-301F-11D3-BF4B-00C04F79EFBC}") = "WritePanel", "WindowsFormsApp2\WritePanel.csproj", "{B39D8DCB-5A1A-4FC9-B32C-B4FEFB34B0DE}"
EndProject
Global
	GlobalSection(SolutionConfigurationPlatforms) = preSolution
		Debug|Any CPU = Debug|Any CPU
		Release|Any CPU = Release|Any CPU
	EndGlobalSection
	GlobalSection(ProjectConfigurationPlatforms) = postSolution
		{B39D8DCB-5A1A-4FC9-B32C-B4FEFB34B0DE}.Debug|Any CPU.ActiveCfg = Debug|Any CPU
		{B39D8DCB-5A1A-4FC9-B32C-B4FEFB34B0DE}.Debug|Any CPU.Build.0 = Debug|Any CPU
		{B39D8DCB-5A1A-4FC9-B32C-B4FEFB34B0DE}.Release|Any CPU.ActiveCfg = Release|Any CPU
		{B39D8DCB-5A1A-4FC9-B32C-B4FEFB34B0DE}.Release|Any CPU.Build.0 = Release|Any CPU
	EndGlobalSection
	GlobalSection(SolutionProperties) = preSolution
		HideSolutionNode = FALSE
	EndGlobalSection
	GlobalSection(ExtensibilityGlobals) = postSolution
		SolutionGuid = {5732CDBC-A1F2-4193-A26C-199C326B3296}
	EndGlobalSection
EndGlobal
